
Microsoft Visual Studio Solution File, Format Version 12.00
# Visual Studio 15
VisualStudioVersion = 15.0.26228.4
MinimumVisualStudioVersion = 10.0.40219.1
Project("{FAE04EC0-301F-11D3-BF4B-00C04F79EFBC}") = "XamarinApp1.Android", "XamarinApp1\XamarinApp1.Android\XamarinApp1.Android.csproj", "{1338CF46-C862-48BF-BDE3-2BCEAEF775BA}"
EndProject
Project("{FAE04EC0-301F-11D3-BF4B-00C04F79EFBC}") = "XamarinApp1", "XamarinApp1\XamarinApp1\XamarinApp1.csproj", "{28304802-F4BF-4716-887B-DA64FEBFE2BE}"
EndProject
Project("{FAE04EC0-301F-11D3-BF4B-00C04F79EFBC}") = "XamarinApp1.UWP", "XamarinApp1\XamarinApp1.UWP\XamarinApp1.UWP.csproj", "{818E8E68-F99C-43AE-A0C6-715C8D983E72}"
EndProject
Project("{FAE04EC0-301F-11D3-BF4B-00C04F79EFBC}") = "XamarinApp1.iOS", "XamarinApp1\XamarinApp1.iOS\XamarinApp1.iOS.csproj", "{0A96B398-0057-4E15-B302-E08D4DD06F13}"
EndProject
Global
	GlobalSection(SolutionConfigurationPlatforms) = preSolution
		Ad-Hoc|Any CPU = Ad-Hoc|Any CPU
		Ad-Hoc|ARM = Ad-Hoc|ARM
		Ad-Hoc|iPhone = Ad-Hoc|iPhone
		Ad-Hoc|iPhoneSimulator = Ad-Hoc|iPhoneSimulator
		Ad-Hoc|x64 = Ad-Hoc|x64
		Ad-Hoc|x86 = Ad-Hoc|x86
		AppStore|Any CPU = AppStore|Any CPU
		AppStore|ARM = AppStore|ARM
		AppStore|iPhone = AppStore|iPhone
		AppStore|iPhoneSimulator = AppStore|iPhoneSimulator
		AppStore|x64 = AppStore|x64
		AppStore|x86 = AppStore|x86
		Debug|Any CPU = Debug|Any CPU
		Debug|ARM = Debug|ARM
		Debug|iPhone = Debug|iPhone
		Debug|iPhoneSimulator = Debug|iPhoneSimulator
		Debug|x64 = Debug|x64
		Debug|x86 = Debug|x86
		Release|Any CPU = Release|Any CPU
		Release|ARM = Release|ARM
		Release|iPhone = Release|iPhone
		Release|iPhoneSimulator = Release|iPhoneSimulator
		Release|x64 = Release|x64
		Release|x86 = Release|x86
	EndGlobalSection
	GlobalSection(ProjectConfigurationPlatforms) = postSolution
		{1338CF46-C862-48BF-BDE3-2BCEAEF775BA}.Ad-Hoc|Any CPU.ActiveCfg = Release|Any CPU
		{1338CF46-C862-48BF-BDE3-2BCEAEF775BA}.Ad-Hoc|Any CPU.Build.0 = Release|Any CPU
		{1338CF46-C862-48BF-BDE3-2BCEAEF775BA}.Ad-Hoc|Any CPU.Deploy.0 = Release|Any CPU
		{1338CF46-C862-48BF-BDE3-2BCEAEF775BA}.Ad-Hoc|ARM.ActiveCfg = Release|Any CPU
		{1338CF46-C862-48BF-BDE3-2BCEAEF775BA}.Ad-Hoc|ARM.Build.0 = Release|Any CPU
		{1338CF46-C862-48BF-BDE3-2BCEAEF775BA}.Ad-Hoc|ARM.Deploy.0 = Release|Any CPU
		{1338CF46-C862-48BF-BDE3-2BCEAEF775BA}.Ad-Hoc|iPhone.ActiveCfg = Release|Any CPU
		{1338CF46-C862-48BF-BDE3-2BCEAEF775BA}.Ad-Hoc|iPhone.Build.0 = Release|Any CPU
		{1338CF46-C862-48BF-BDE3-2BCEAEF775BA}.Ad-Hoc|iPhone.Deploy.0 = Release|Any CPU
		{1338CF46-C862-48BF-BDE3-2BCEAEF775BA}.Ad-Hoc|iPhoneSimulator.ActiveCfg = Release|Any CPU
		{1338CF46-C862-48BF-BDE3-2BCEAEF775BA}.Ad-Hoc|iPhoneSimulator.Build.0 = Release|Any CPU
		{1338CF46-C862-48BF-BDE3-2BCEAEF775BA}.Ad-Hoc|iPhoneSimulator.Deploy.0 = Release|Any CPU
		{1338CF46-C862-48BF-BDE3-2BCEAEF775BA}.Ad-Hoc|x64.ActiveCfg = Release|Any CPU
		{1338CF46-C862-48BF-BDE3-2BCEAEF775BA}.Ad-Hoc|x64.Build.0 = Release|Any CPU
		{1338CF46-C862-48BF-BDE3-2BCEAEF775BA}.Ad-Hoc|x64.Deploy.0 = Release|Any CPU
		{1338CF46-C862-48BF-BDE3-2BCEAEF775BA}.Ad-Hoc|x86.ActiveCfg = Release|Any CPU
		{1338CF46-C862-48BF-BDE3-2BCEAEF775BA}.Ad-Hoc|x86.Build.0 = Release|Any CPU
		{1338CF46-C862-48BF-BDE3-2BCEAEF775BA}.Ad-Hoc|x86.Deploy.0 = Release|Any CPU
		{1338CF46-C862-48BF-BDE3-2BCEAEF775BA}.AppStore|Any CPU.ActiveCfg = Release|Any CPU
		{1338CF46-C862-48BF-BDE3-2BCEAEF775BA}.AppStore|Any CPU.Build.0 = Release|Any CPU
		{1338CF46-C862-48BF-BDE3-2BCEAEF775BA}.AppStore|Any CPU.Deploy.0 = Release|Any CPU
		{1338CF46-C862-48BF-BDE3-2BCEAEF775BA}.AppStore|ARM.ActiveCfg = Release|Any CPU
		{1338CF46-C862-48BF-BDE3-2BCEAEF775BA}.AppStore|ARM.Build.0 = Release|Any CPU
		{1338CF46-C862-48BF-BDE3-2BCEAEF775BA}.AppStore|ARM.Deploy.0 = Release|Any CPU
		{1338CF46-C862-48BF-BDE3-2BCEAEF775BA}.AppStore|iPhone.ActiveCfg = Release|Any CPU
		{1338CF46-C862-48BF-BDE3-2BCEAEF775BA}.AppStore|iPhone.Build.0 = Release|Any CPU
		{1338CF46-C862-48BF-BDE3-2BCEAEF775BA}.AppStore|iPhone.Deploy.0 = Release|Any CPU
		{1338CF46-C862-48BF-BDE3-2BCEAEF775BA}.AppStore|iPhoneSimulator.ActiveCfg = Release|Any CPU
		{1338CF46-C862-48BF-BDE3-2BCEAEF775BA}.AppStore|iPhoneSimulator.Build.0 = Release|Any CPU
		{1338CF46-C862-48BF-BDE3-2BCEAEF775BA}.AppStore|iPhoneSimulator.Deploy.0 = Release|Any CPU
		{1338CF46-C862-48BF-BDE3-2BCEAEF775BA}.AppStore|x64.ActiveCfg = Release|Any CPU
		{1338CF46-C862-48BF-BDE3-2BCEAEF775BA}.AppStore|x64.Build.0 = Release|Any CPU
		{1338CF46-C862-48BF-BDE3-2BCEAEF775BA}.AppStore|x64.Deploy.0 = Release|Any CPU
		{1338CF46-C862-48BF-BDE3-2BCEAEF775BA}.AppStore|x86.ActiveCfg = Release|Any CPU
		{1338CF46-C862-48BF-BDE3-2BCEAEF775BA}.AppStore|x86.Build.0 = Release|Any CPU
		{1338CF46-C862-48BF-BDE3-2BCEAEF775BA}.AppStore|x86.Deploy.0 = Release|Any CPU
		{1338CF46-C862-48BF-BDE3-2BCEAEF775BA}.Debug|Any CPU.ActiveCfg = Debug|Any CPU
		{1338CF46-C862-48BF-BDE3-2BCEAEF775BA}.Debug|Any CPU.Build.0 = Debug|Any CPU
		{1338CF46-C862-48BF-BDE3-2BCEAEF775BA}.Debug|Any CPU.Deploy.0 = Debug|Any CPU
		{1338CF46-C862-48BF-BDE3-2BCEAEF775BA}.Debug|ARM.ActiveCfg = Debug|Any CPU
		{1338CF46-C862-48BF-BDE3-2BCEAEF775BA}.Debug|ARM.Build.0 = Debug|Any CPU
		{1338CF46-C862-48BF-BDE3-2BCEAEF775BA}.Debug|ARM.Deploy.0 = Debug|Any CPU
		{1338CF46-C862-48BF-BDE3-2BCEAEF775BA}.Debug|iPhone.ActiveCfg = Debug|Any CPU
		{1338CF46-C862-48BF-BDE3-2BCEAEF775BA}.Debug|iPhone.Build.0 = Debug|Any CPU
		{1338CF46-C862-48BF-BDE3-2BCEAEF775BA}.Debug|iPhone.Deploy.0 = Debug|Any CPU
		{1338CF46-C862-48BF-BDE3-2BCEAEF775BA}.Debug|iPhoneSimulator.ActiveCfg = Debug|Any CPU
		{1338CF46-C862-48BF-BDE3-2BCEAEF775BA}.Debug|iPhoneSimulator.Build.0 = Debug|Any CPU
		{1338CF46-C862-48BF-BDE3-2BCEAEF775BA}.Debug|iPhoneSimulator.Deploy.0 = Debug|Any CPU
		{1338CF46-C862-48BF-BDE3-2BCEAEF775BA}.Debug|x64.ActiveCfg = Debug|Any CPU
		{1338CF46-C862-48BF-BDE3-2BCEAEF775BA}.Debug|x64.Build.0 = Debug|Any CPU
		{1338CF46-C862-48BF-BDE3-2BCEAEF775BA}.Debug|x64.Deploy.0 = Debug|Any CPU
		{1338CF46-C862-48BF-BDE3-2BCEAEF775BA}.Debug|x86.ActiveCfg = Debug|Any CPU
		{1338CF46-C862-48BF-BDE3-2BCEAEF775BA}.Debug|x86.Build.0 = Debug|Any CPU
		{1338CF46-C862-48BF-BDE3-2BCEAEF775BA}.Debug|x86.Deploy.0 = Debug|Any CPU
		{1338CF46-C862-48BF-BDE3-2BCEAEF775BA}.Release|Any CPU.ActiveCfg = Release|Any CPU
		{1338CF46-C862-48BF-BDE3-2BCEAEF775BA}.Release|Any CPU.Build.0 = Release|Any CPU
		{1338CF46-C862-48BF-BDE3-2BCEAEF775BA}.Release|Any CPU.Deploy.0 = Release|Any CPU
		{1338CF46-C862-48BF-BDE3-2BCEAEF775BA}.Release|ARM.ActiveCfg = Release|Any CPU
		{1338CF46-C862-48BF-BDE3-2BCEAEF775BA}.Release|ARM.Build.0 = Release|Any CPU
		{1338CF46-C862-48BF-BDE3-2BCEAEF775BA}.Release|ARM.Deploy.0 = Release|Any CPU
		{1338CF46-C862-48BF-BDE3-2BCEAEF775BA}.Release|iPhone.ActiveCfg = Release|Any CPU
		{1338CF46-C862-48BF-BDE3-2BCEAEF775BA}.Release|iPhone.Build.0 = Release|Any CPU
		{1338CF46-C862-48BF-BDE3-2BCEAEF775BA}.Release|iPhone.Deploy.0 = Release|Any CPU
		{1338CF46-C862-48BF-BDE3-2BCEAEF775BA}.Release|iPhoneSimulator.ActiveCfg = Release|Any CPU
		{1338CF46-C862-48BF-BDE3-2BCEAEF775BA}.Release|iPhoneSimulator.Build.0 = Release|Any CPU
		{1338CF46-C862-48BF-BDE3-2BCEAEF775BA}.Release|iPhoneSimulator.Deploy.0 = Release|Any CPU
		{1338CF46-C862-48BF-BDE3-2BCEAEF775BA}.Release|x64.ActiveCfg = Release|Any CPU
		{1338CF46-C862-48BF-BDE3-2BCEAEF775BA}.Release|x64.Build.0 = Release|Any CPU
		{1338CF46-C862-48BF-BDE3-2BCEAEF775BA}.Release|x64.Deploy.0 = Release|Any CPU
		{1338CF46-C862-48BF-BDE3-2BCEAEF775BA}.Release|x86.ActiveCfg = Release|Any CPU
		{1338CF46-C862-48BF-BDE3-2BCEAEF775BA}.Release|x86.Build.0 = Release|Any CPU
		{1338CF46-C862-48BF-BDE3-2BCEAEF775BA}.Release|x86.Deploy.0 = Release|Any CPU
		{28304802-F4BF-4716-887B-DA64FEBFE2BE}.Ad-Hoc|Any CPU.ActiveCfg = Release|Any CPU
		{28304802-F4BF-4716-887B-DA64FEBFE2BE}.Ad-Hoc|Any CPU.Build.0 = Release|Any CPU
		{28304802-F4BF-4716-887B-DA64FEBFE2BE}.Ad-Hoc|ARM.ActiveCfg = Release|Any CPU
		{28304802-F4BF-4716-887B-DA64FEBFE2BE}.Ad-Hoc|ARM.Build.0 = Release|Any CPU
		{28304802-F4BF-4716-887B-DA64FEBFE2BE}.Ad-Hoc|iPhone.ActiveCfg = Release|Any CPU
		{28304802-F4BF-4716-887B-DA64FEBFE2BE}.Ad-Hoc|iPhone.Build.0 = Release|Any CPU
		{28304802-F4BF-4716-887B-DA64FEBFE2BE}.Ad-Hoc|iPhoneSimulator.ActiveCfg = Release|Any CPU
		{28304802-F4BF-4716-887B-DA64FEBFE2BE}.Ad-Hoc|iPhoneSimulator.Build.0 = Release|Any CPU
		{28304802-F4BF-4716-887B-DA64FEBFE2BE}.Ad-Hoc|x64.ActiveCfg = Release|Any CPU
		{28304802-F4BF-4716-887B-DA64FEBFE2BE}.Ad-Hoc|x64.Build.0 = Release|Any CPU
		{28304802-F4BF-4716-887B-DA64FEBFE2BE}.Ad-Hoc|x86.ActiveCfg = Release|Any CPU
		{28304802-F4BF-4716-887B-DA64FEBFE2BE}.Ad-Hoc|x86.Build.0 = Release|Any CPU
		{28304802-F4BF-4716-887B-DA64FEBFE2BE}.AppStore|Any CPU.ActiveCfg = Release|Any CPU
		{28304802-F4BF-4716-887B-DA64FEBFE2BE}.AppStore|Any CPU.Build.0 = Release|Any CPU
		{28304802-F4BF-4716-887B-DA64FEBFE2BE}.AppStore|ARM.ActiveCfg = Release|Any CPU
		{28304802-F4BF-4716-887B-DA64FEBFE2BE}.AppStore|ARM.Build.0 = Release|Any CPU
		{28304802-F4BF-4716-887B-DA64FEBFE2BE}.AppStore|iPhone.ActiveCfg = Release|Any CPU
		{28304802-F4BF-4716-887B-DA64FEBFE2BE}.AppStore|iPhone.Build.0 = Release|Any CPU
		{28304802-F4BF-4716-887B-DA64FEBFE2BE}.AppStore|iPhoneSimulator.ActiveCfg = Release|Any CPU
		{28304802-F4BF-4716-887B-DA64FEBFE2BE}.AppStore|iPhoneSimulator.Build.0 = Release|Any CPU
		{28304802-F4BF-4716-887B-DA64FEBFE2BE}.AppStore|x64.ActiveCfg = Release|Any CPU
		{28304802-F4BF-4716-887B-DA64FEBFE2BE}.AppStore|x64.Build.0 = Release|Any CPU
		{28304802-F4BF-4716-887B-DA64FEBFE2BE}.AppStore|x86.ActiveCfg = Release|Any CPU
		{28304802-F4BF-4716-887B-DA64FEBFE2BE}.AppStore|x86.Build.0 = Release|Any CPU
		{28304802-F4BF-4716-887B-DA64FEBFE2BE}.Debug|Any CPU.ActiveCfg = Debug|Any CPU
		{28304802-F4BF-4716-887B-DA64FEBFE2BE}.Debug|Any CPU.Build.0 = Debug|Any CPU
		{28304802-F4BF-4716-887B-DA64FEBFE2BE}.Debug|ARM.ActiveCfg = Debug|Any CPU
		{28304802-F4BF-4716-887B-DA64FEBFE2BE}.Debug|ARM.Build.0 = Debug|Any CPU
		{28304802-F4BF-4716-887B-DA64FEBFE2BE}.Debug|iPhone.ActiveCfg = Debug|Any CPU
		{28304802-F4BF-4716-887B-DA64FEBFE2BE}.Debug|iPhone.Build.0 = Debug|Any CPU
		{28304802-F4BF-4716-887B-DA64FEBFE2BE}.Debug|iPhoneSimulator.ActiveCfg = Debug|Any CPU
		{28304802-F4BF-4716-887B-DA64FEBFE2BE}.Debug|iPhoneSimulator.Build.0 = Debug|Any CPU
		{28304802-F4BF-4716-887B-DA64FEBFE2BE}.Debug|x64.ActiveCfg = Debug|Any CPU
		{28304802-F4BF-4716-887B-DA64FEBFE2BE}.Debug|x64.Build.0 = Debug|Any CPU
		{28304802-F4BF-4716-887B-DA64FEBFE2BE}.Debug|x86.ActiveCfg = Debug|Any CPU
		{28304802-F4BF-4716-887B-DA64FEBFE2BE}.Debug|x86.Build.0 = Debug|Any CPU
		{28304802-F4BF-4716-887B-DA64FEBFE2BE}.Release|Any CPU.ActiveCfg = Release|Any CPU
		{28304802-F4BF-4716-887B-DA64FEBFE2BE}.Release|Any CPU.Build.0 = Release|Any CPU
		{28304802-F4BF-4716-887B-DA64FEBFE2BE}.Release|ARM.ActiveCfg = Release|Any CPU
		{28304802-F4BF-4716-887B-DA64FEBFE2BE}.Release|ARM.Build.0 = Release|Any CPU
		{28304802-F4BF-4716-887B-DA64FEBFE2BE}.Release|iPhone.ActiveCfg = Release|Any CPU
		{28304802-F4BF-4716-887B-DA64FEBFE2BE}.Release|iPhone.Build.0 = Release|Any CPU
		{28304802-F4BF-4716-887B-DA64FEBFE2BE}.Release|iPhoneSimulator.ActiveCfg = Release|Any CPU
		{28304802-F4BF-4716-887B-DA64FEBFE2BE}.Release|iPhoneSimulator.Build.0 = Release|Any CPU
		{28304802-F4BF-4716-887B-DA64FEBFE2BE}.Release|x64.ActiveCfg = Release|Any CPU
		{28304802-F4BF-4716-887B-DA64FEBFE2BE}.Release|x64.Build.0 = Release|Any CPU
		{28304802-F4BF-4716-887B-DA64FEBFE2BE}.Release|x86.ActiveCfg = Release|Any CPU
		{28304802-F4BF-4716-887B-DA64FEBFE2BE}.Release|x86.Build.0 = Release|Any CPU
		{818E8E68-F99C-43AE-A0C6-715C8D983E72}.Ad-Hoc|Any CPU.ActiveCfg = Release|x86
		{818E8E68-F99C-43AE-A0C6-715C8D983E72}.Ad-Hoc|Any CPU.Build.0 = Release|x86
		{818E8E68-F99C-43AE-A0C6-715C8D983E72}.Ad-Hoc|Any CPU.Deploy.0 = Release|x86
		{818E8E68-F99C-43AE-A0C6-715C8D983E72}.Ad-Hoc|ARM.ActiveCfg = Release|ARM
		{818E8E68-F99C-43AE-A0C6-715C8D983E72}.Ad-Hoc|ARM.Build.0 = Release|ARM
		{818E8E68-F99C-43AE-A0C6-715C8D983E72}.Ad-Hoc|ARM.Deploy.0 = Release|ARM
		{818E8E68-F99C-43AE-A0C6-715C8D983E72}.Ad-Hoc|iPhone.ActiveCfg = Release|x86
		{818E8E68-F99C-43AE-A0C6-715C8D983E72}.Ad-Hoc|iPhone.Build.0 = Release|x86
		{818E8E68-F99C-43AE-A0C6-715C8D983E72}.Ad-Hoc|iPhone.Deploy.0 = Release|x86
		{818E8E68-F99C-43AE-A0C6-715C8D983E72}.Ad-Hoc|iPhoneSimulator.ActiveCfg = Release|x86
		{818E8E68-F99C-43AE-A0C6-715C8D983E72}.Ad-Hoc|iPhoneSimulator.Build.0 = Release|x86
		{818E8E68-F99C-43AE-A0C6-715C8D983E72}.Ad-Hoc|iPhoneSimulator.Deploy.0 = Release|x86
		{818E8E68-F99C-43AE-A0C6-715C8D983E72}.Ad-Hoc|x64.ActiveCfg = Release|x64
		{818E8E68-F99C-43AE-A0C6-715C8D983E72}.Ad-Hoc|x64.Build.0 = Release|x64
		{818E8E68-F99C-43AE-A0C6-715C8D983E72}.Ad-Hoc|x64.Deploy.0 = Release|x64
		{818E8E68-F99C-43AE-A0C6-715C8D983E72}.Ad-Hoc|x86.ActiveCfg = Release|x86
		{818E8E68-F99C-43AE-A0C6-715C8D983E72}.Ad-Hoc|x86.Build.0 = Release|x86
		{818E8E68-F99C-43AE-A0C6-715C8D983E72}.Ad-Hoc|x86.Deploy.0 = Release|x86
		{818E8E68-F99C-43AE-A0C6-715C8D983E72}.AppStore|Any CPU.ActiveCfg = Release|x86
		{818E8E68-F99C-43AE-A0C6-715C8D983E72}.AppStore|Any CPU.Build.0 = Release|x86
		{818E8E68-F99C-43AE-A0C6-715C8D983E72}.AppStore|Any CPU.Deploy.0 = Release|x86
		{818E8E68-F99C-43AE-A0C6-715C8D983E72}.AppStore|ARM.ActiveCfg = Release|ARM
		{818E8E68-F99C-43AE-A0C6-715C8D983E72}.AppStore|ARM.Build.0 = Release|ARM
		{818E8E68-F99C-43AE-A0C6-715C8D983E72}.AppStore|ARM.Deploy.0 = Release|ARM
		{818E8E68-F99C-43AE-A0C6-715C8D983E72}.AppStore|iPhone.ActiveCfg = Release|x86
		{818E8E68-F99C-43AE-A0C6-715C8D983E72}.AppStore|iPhone.Build.0 = Release|x86
		{818E8E68-F99C-43AE-A0C6-715C8D983E72}.AppStore|iPhone.Deploy.0 = Release|x86
		{818E8E68-F99C-43AE-A0C6-715C8D983E72}.AppStore|iPhoneSimulator.ActiveCfg = Release|x86
		{818E8E68-F99C-43AE-A0C6-715C8D983E72}.AppStore|iPhoneSimulator.Build.0 = Release|x86
		{818E8E68-F99C-43AE-A0C6-715C8D983E72}.AppStore|iPhoneSimulator.Deploy.0 = Release|x86
		{818E8E68-F99C-43AE-A0C6-715C8D983E72}.AppStore|x64.ActiveCfg = Release|x64
		{818E8E68-F99C-43AE-A0C6-715C8D983E72}.AppStore|x64.Build.0 = Release|x64
		{818E8E68-F99C-43AE-A0C6-715C8D983E72}.AppStore|x64.Deploy.0 = Release|x64
		{818E8E68-F99C-43AE-A0C6-715C8D983E72}.AppStore|x86.ActiveCfg = Release|x86
		{818E8E68-F99C-43AE-A0C6-715C8D983E72}.AppStore|x86.Build.0 = Release|x86
		{818E8E68-F99C-43AE-A0C6-715C8D983E72}.AppStore|x86.Deploy.0 = Release|x86
		{818E8E68-F99C-43AE-A0C6-715C8D983E72}.Debug|Any CPU.ActiveCfg = Debug|x86
		{818E8E68-F99C-43AE-A0C6-715C8D983E72}.Debug|ARM.ActiveCfg = Debug|ARM
		{818E8E68-F99C-43AE-A0C6-715C8D983E72}.Debug|ARM.Build.0 = Debug|ARM
		{818E8E68-F99C-43AE-A0C6-715C8D983E72}.Debug|ARM.Deploy.0 = Debug|ARM
		{818E8E68-F99C-43AE-A0C6-715C8D983E72}.Debug|iPhone.ActiveCfg = Debug|x86
		{818E8E68-F99C-43AE-A0C6-715C8D983E72}.Debug|iPhoneSimulator.ActiveCfg = Debug|x86
		{818E8E68-F99C-43AE-A0C6-715C8D983E72}.Debug|x64.ActiveCfg = Debug|x64
		{818E8E68-F99C-43AE-A0C6-715C8D983E72}.Debug|x64.Build.0 = Debug|x64
		{818E8E68-F99C-43AE-A0C6-715C8D983E72}.Debug|x64.Deploy.0 = Debug|x64
		{818E8E68-F99C-43AE-A0C6-715C8D983E72}.Debug|x86.ActiveCfg = Debug|x86
		{818E8E68-F99C-43AE-A0C6-715C8D983E72}.Debug|x86.Build.0 = Debug|x86
		{818E8E68-F99C-43AE-A0C6-715C8D983E72}.Debug|x86.Deploy.0 = Debug|x86
		{818E8E68-F99C-43AE-A0C6-715C8D983E72}.Release|Any CPU.ActiveCfg = Release|x86
		{818E8E68-F99C-43AE-A0C6-715C8D983E72}.Release|ARM.ActiveCfg = Release|ARM
		{818E8E68-F99C-43AE-A0C6-715C8D983E72}.Release|ARM.Build.0 = Release|ARM
		{818E8E68-F99C-43AE-A0C6-715C8D983E72}.Release|ARM.Deploy.0 = Release|ARM
		{818E8E68-F99C-43AE-A0C6-715C8D983E72}.Release|iPhone.ActiveCfg = Release|x86
		{818E8E68-F99C-43AE-A0C6-715C8D983E72}.Release|iPhoneSimulator.ActiveCfg = Release|x86
		{818E8E68-F99C-43AE-A0C6-715C8D983E72}.Release|x64.ActiveCfg = Release|x64
		{818E8E68-F99C-43AE-A0C6-715C8D983E72}.Release|x64.Build.0 = Release|x64
		{818E8E68-F99C-43AE-A0C6-715C8D983E72}.Release|x64.Deploy.0 = Release|x64
		{818E8E68-F99C-43AE-A0C6-715C8D983E72}.Release|x86.ActiveCfg = Release|x86
		{818E8E68-F99C-43AE-A0C6-715C8D983E72}.Release|x86.Build.0 = Release|x86
		{818E8E68-F99C-43AE-A0C6-715C8D983E72}.Release|x86.Deploy.0 = Release|x86
		{0A96B398-0057-4E15-B302-E08D4DD06F13}.Ad-Hoc|Any CPU.ActiveCfg = Ad-Hoc|iPhone
		{0A96B398-0057-4E15-B302-E08D4DD06F13}.Ad-Hoc|ARM.ActiveCfg = Ad-Hoc|iPhone
		{0A96B398-0057-4E15-B302-E08D4DD06F13}.Ad-Hoc|iPhone.ActiveCfg = Ad-Hoc|iPhone
		{0A96B398-0057-4E15-B302-E08D4DD06F13}.Ad-Hoc|iPhone.Build.0 = Ad-Hoc|iPhone
		{0A96B398-0057-4E15-B302-E08D4DD06F13}.Ad-Hoc|iPhoneSimulator.ActiveCfg = Ad-Hoc|iPhoneSimulator
		{0A96B398-0057-4E15-B302-E08D4DD06F13}.Ad-Hoc|iPhoneSimulator.Build.0 = Ad-Hoc|iPhoneSimulator
		{0A96B398-0057-4E15-B302-E08D4DD06F13}.Ad-Hoc|x64.ActiveCfg = Ad-Hoc|iPhone
		{0A96B398-0057-4E15-B302-E08D4DD06F13}.Ad-Hoc|x86.ActiveCfg = Ad-Hoc|iPhone
		{0A96B398-0057-4E15-B302-E08D4DD06F13}.AppStore|Any CPU.ActiveCfg = AppStore|iPhone
		{0A96B398-0057-4E15-B302-E08D4DD06F13}.AppStore|ARM.ActiveCfg = AppStore|iPhone
		{0A96B398-0057-4E15-B302-E08D4DD06F13}.AppStore|iPhone.ActiveCfg = AppStore|iPhone
		{0A96B398-0057-4E15-B302-E08D4DD06F13}.AppStore|iPhone.Build.0 = AppStore|iPhone
		{0A96B398-0057-4E15-B302-E08D4DD06F13}.AppStore|iPhoneSimulator.ActiveCfg = AppStore|iPhoneSimulator
		{0A96B398-0057-4E15-B302-E08D4DD06F13}.AppStore|iPhoneSimulator.Build.0 = AppStore|iPhoneSimulator
		{0A96B398-0057-4E15-B302-E08D4DD06F13}.AppStore|x64.ActiveCfg = AppStore|iPhone
		{0A96B398-0057-4E15-B302-E08D4DD06F13}.AppStore|x86.ActiveCfg = AppStore|iPhone
		{0A96B398-0057-4E15-B302-E08D4DD06F13}.Debug|Any CPU.ActiveCfg = Debug|iPhone
		{0A96B398-0057-4E15-B302-E08D4DD06F13}.Debug|ARM.ActiveCfg = Debug|iPhone
		{0A96B398-0057-4E15-B302-E08D4DD06F13}.Debug|iPhone.ActiveCfg = Debug|iPhone
		{0A96B398-0057-4E15-B302-E08D4DD06F13}.Debug|iPhone.Build.0 = Debug|iPhone
		{0A96B398-0057-4E15-B302-E08D4DD06F13}.Debug|iPhoneSimulator.ActiveCfg = Debug|iPhoneSimulator
		{0A96B398-0057-4E15-B302-E08D4DD06F13}.Debug|iPhoneSimulator.Build.0 = Debug|iPhoneSimulator
		{0A96B398-0057-4E15-B302-E08D4DD06F13}.Debug|x64.ActiveCfg = Debug|iPhone
		{0A96B398-0057-4E15-B302-E08D4DD06F13}.Debug|x86.ActiveCfg = Debug|iPhone
		{0A96B398-0057-4E15-B302-E08D4DD06F13}.Release|Any CPU.ActiveCfg = Release|iPhone
		{0A96B398-0057-4E15-B302-E08D4DD06F13}.Release|ARM.ActiveCfg = Release|iPhone
		{0A96B398-0057-4E15-B302-E08D4DD06F13}.Release|iPhone.ActiveCfg = Release|iPhone
		{0A96B398-0057-4E15-B302-E08D4DD06F13}.Release|iPhone.Build.0 = Release|iPhone
		{0A96B398-0057-4E15-B302-E08D4DD06F13}.Release|iPhoneSimulator.ActiveCfg = Release|iPhoneSimulator
		{0A96B398-0057-4E15-B302-E08D4DD06F13}.Release|iPhoneSimulator.Build.0 = Release|iPhoneSimulator
		{0A96B398-0057-4E15-B302-E08D4DD06F13}.Release|x64.ActiveCfg = Release|iPhone
		{0A96B398-0057-4E15-B302-E08D4DD06F13}.Release|x86.ActiveCfg = Release|iPhone
	EndGlobalSection
	GlobalSection(SolutionProperties) = preSolution
		HideSolutionNode = FALSE
	EndGlobalSection
EndGlobal
